
Microsoft Visual Studio Solution File, Format Version 12.00
# Visual Studio Version 16
VisualStudioVersion = 16.0.28531.58
MinimumVisualStudioVersion = 10.0.40219.1
Project("{888888A0-9F3D-457C-B088-3A5042F75D52}") = "PytorchCaptcha", "PytorchCaptcha\PytorchCaptcha.pyproj", "{6AD73F77-85BB-4DE8-8D8A-CECF5C6942FC}"
EndProject
Global
	GlobalSection(SolutionConfigurationPlatforms) = preSolution
		Debug|Any CPU = Debug|Any CPU
		Release|Any CPU = Release|Any CPU
	EndGlobalSection
	GlobalSection(ProjectConfigurationPlatforms) = postSolution
		{6AD73F77-85BB-4DE8-8D8A-CECF5C6942FC}.Debug|Any CPU.ActiveCfg = Debug|Any CPU
		{6AD73F77-85BB-4DE8-8D8A-CECF5C6942FC}.Release|Any CPU.ActiveCfg = Release|Any CPU
	EndGlobalSection
	GlobalSection(SolutionProperties) = preSolution
		HideSolutionNode = FALSE
	EndGlobalSection
	GlobalSection(ExtensibilityGlobals) = postSolution
		SolutionGuid = {36B95859-9727-42AA-897C-736A0FD6D4B2}
	EndGlobalSection
EndGlobal
